
Microsoft Visual Studio Solution File, Format Version 12.00
# Visual Studio Version 17
VisualStudioVersion = 17.0.31903.59
MinimumVisualStudioVersion = 10.0.40219.1
Project("{2150E333-8FDC-42A3-9474-1A3956D46DE8}") = "src", "src", "{45A436A0-E318-4896-B08C-2D7CAFB340AF}"
EndProject
Project("{FAE04EC0-301F-11D3-BF4B-00C04F79EFBC}") = "SmallBusiness.Domain", "src\SmallBusiness.Domain\SmallBusiness.Domain.csproj", "{491B984E-BA72-418F-90DA-702DFCE7C1DB}"
EndProject
Project("{FAE04EC0-301F-11D3-BF4B-00C04F79EFBC}") = "SmallBusiness.Application", "src\SmallBusiness.Application\SmallBusiness.Application.csproj", "{E95E019C-2158-44B7-B00E-F6E69E8E4457}"
EndProject
Project("{FAE04EC0-301F-11D3-BF4B-00C04F79EFBC}") = "SmallBusiness.Infrastructure", "src\SmallBusiness.Infrastructure\SmallBusiness.Infrastructure.csproj", "{ED6DC255-418F-49C8-93BB-BAB584F172BF}"
EndProject
Project("{FAE04EC0-301F-11D3-BF4B-00C04F79EFBC}") = "SmallBusiness.Web", "src\SmallBusiness.Web\SmallBusiness.Web.csproj", "{46C0BC34-7563-484F-A9B6-BEC9089BE7CE}"
EndProject
Project("{2150E333-8FDC-42A3-9474-1A3956D46DE8}") = "tests", "tests", "{968AC056-5C38-40BC-A198-B3BE77D797C3}"
EndProject
Project("{FAE04EC0-301F-11D3-BF4B-00C04F79EFBC}") = "SmallBusiness.Domain.Tests", "tests\SmallBusiness.Domain.Tests\SmallBusiness.Domain.Tests.csproj", "{3B887198-0FC3-4AC1-8DCB-F5BFBA0DDE08}"
EndProject
Project("{FAE04EC0-301F-11D3-BF4B-00C04F79EFBC}") = "SmallBusiness.Application.Tests", "tests\SmallBusiness.Application.Tests\SmallBusiness.Application.Tests.csproj", "{40E5AA5C-6C81-45EE-AEE4-ABF8516B921F}"
EndProject
Project("{FAE04EC0-301F-11D3-BF4B-00C04F79EFBC}") = "SmallBusiness.Web.Tests", "tests\SmallBusiness.Web.Tests\SmallBusiness.Web.Tests.csproj", "{6418A7C1-F19F-44F9-A0C2-613A188F9E99}"
EndProject
Project("{FAE04EC0-301F-11D3-BF4B-00C04F79EFBC}") = "SmallBusiness.IntegrationTests", "tests\SmallBusiness.IntegrationTests\SmallBusiness.IntegrationTests.csproj", "{2C43C434-0324-46AE-9292-5D4A947E98F5}"
EndProject
Global
	GlobalSection(SolutionConfigurationPlatforms) = preSolution
		Debug|Any CPU = Debug|Any CPU
		Release|Any CPU = Release|Any CPU
	EndGlobalSection
	GlobalSection(SolutionProperties) = preSolution
		HideSolutionNode = FALSE
	EndGlobalSection
	GlobalSection(ProjectConfigurationPlatforms) = postSolution
		{491B984E-BA72-418F-90DA-702DFCE7C1DB}.Debug|Any CPU.ActiveCfg = Debug|Any CPU
		{491B984E-BA72-418F-90DA-702DFCE7C1DB}.Debug|Any CPU.Build.0 = Debug|Any CPU
		{491B984E-BA72-418F-90DA-702DFCE7C1DB}.Release|Any CPU.ActiveCfg = Release|Any CPU
		{491B984E-BA72-418F-90DA-702DFCE7C1DB}.Release|Any CPU.Build.0 = Release|Any CPU
		{E95E019C-2158-44B7-B00E-F6E69E8E4457}.Debug|Any CPU.ActiveCfg = Debug|Any CPU
		{E95E019C-2158-44B7-B00E-F6E69E8E4457}.Debug|Any CPU.Build.0 = Debug|Any CPU
		{E95E019C-2158-44B7-B00E-F6E69E8E4457}.Release|Any CPU.ActiveCfg = Release|Any CPU
		{E95E019C-2158-44B7-B00E-F6E69E8E4457}.Release|Any CPU.Build.0 = Release|Any CPU
		{ED6DC255-418F-49C8-93BB-BAB584F172BF}.Debug|Any CPU.ActiveCfg = Debug|Any CPU
		{ED6DC255-418F-49C8-93BB-BAB584F172BF}.Debug|Any CPU.Build.0 = Debug|Any CPU
		{ED6DC255-418F-49C8-93BB-BAB584F172BF}.Release|Any CPU.ActiveCfg = Release|Any CPU
		{ED6DC255-418F-49C8-93BB-BAB584F172BF}.Release|Any CPU.Build.0 = Release|Any CPU
		{46C0BC34-7563-484F-A9B6-BEC9089BE7CE}.Debug|Any CPU.ActiveCfg = Debug|Any CPU
		{46C0BC34-7563-484F-A9B6-BEC9089BE7CE}.Debug|Any CPU.Build.0 = Debug|Any CPU
		{46C0BC34-7563-484F-A9B6-BEC9089BE7CE}.Release|Any CPU.ActiveCfg = Release|Any CPU
		{46C0BC34-7563-484F-A9B6-BEC9089BE7CE}.Release|Any CPU.Build.0 = Release|Any CPU
		{3B887198-0FC3-4AC1-8DCB-F5BFBA0DDE08}.Debug|Any CPU.ActiveCfg = Debug|Any CPU
		{3B887198-0FC3-4AC1-8DCB-F5BFBA0DDE08}.Debug|Any CPU.Build.0 = Debug|Any CPU
		{3B887198-0FC3-4AC1-8DCB-F5BFBA0DDE08}.Release|Any CPU.ActiveCfg = Release|Any CPU
		{3B887198-0FC3-4AC1-8DCB-F5BFBA0DDE08}.Release|Any CPU.Build.0 = Release|Any CPU
		{40E5AA5C-6C81-45EE-AEE4-ABF8516B921F}.Debug|Any CPU.ActiveCfg = Debug|Any CPU
		{40E5AA5C-6C81-45EE-AEE4-ABF8516B921F}.Debug|Any CPU.Build.0 = Debug|Any CPU
		{40E5AA5C-6C81-45EE-AEE4-ABF8516B921F}.Release|Any CPU.ActiveCfg = Release|Any CPU
		{40E5AA5C-6C81-45EE-AEE4-ABF8516B921F}.Release|Any CPU.Build.0 = Release|Any CPU
		{6418A7C1-F19F-44F9-A0C2-613A188F9E99}.Debug|Any CPU.ActiveCfg = Debug|Any CPU
		{6418A7C1-F19F-44F9-A0C2-613A188F9E99}.Debug|Any CPU.Build.0 = Debug|Any CPU
		{6418A7C1-F19F-44F9-A0C2-613A188F9E99}.Release|Any CPU.ActiveCfg = Release|Any CPU
		{6418A7C1-F19F-44F9-A0C2-613A188F9E99}.Release|Any CPU.Build.0 = Release|Any CPU
		{2C43C434-0324-46AE-9292-5D4A947E98F5}.Debug|Any CPU.ActiveCfg = Debug|Any CPU
		{2C43C434-0324-46AE-9292-5D4A947E98F5}.Debug|Any CPU.Build.0 = Debug|Any CPU
		{2C43C434-0324-46AE-9292-5D4A947E98F5}.Release|Any CPU.ActiveCfg = Release|Any CPU
		{2C43C434-0324-46AE-9292-5D4A947E98F5}.Release|Any CPU.Build.0 = Release|Any CPU
	EndGlobalSection
	GlobalSection(NestedProjects) = preSolution
		{491B984E-BA72-418F-90DA-702DFCE7C1DB} = {45A436A0-E318-4896-B08C-2D7CAFB340AF}
		{E95E019C-2158-44B7-B00E-F6E69E8E4457} = {45A436A0-E318-4896-B08C-2D7CAFB340AF}
		{ED6DC255-418F-49C8-93BB-BAB584F172BF} = {45A436A0-E318-4896-B08C-2D7CAFB340AF}
		{46C0BC34-7563-484F-A9B6-BEC9089BE7CE} = {45A436A0-E318-4896-B08C-2D7CAFB340AF}
		{3B887198-0FC3-4AC1-8DCB-F5BFBA0DDE08} = {968AC056-5C38-40BC-A198-B3BE77D797C3}
		{40E5AA5C-6C81-45EE-AEE4-ABF8516B921F} = {968AC056-5C38-40BC-A198-B3BE77D797C3}
		{6418A7C1-F19F-44F9-A0C2-613A188F9E99} = {968AC056-5C38-40BC-A198-B3BE77D797C3}
		{2C43C434-0324-46AE-9292-5D4A947E98F5} = {968AC056-5C38-40BC-A198-B3BE77D797C3}
	EndGlobalSection
EndGlobal
